// !$*UTF8*$!
{
	archiveVersion = 1;
	classes = {
	};
	objectVersion = 50;
	objects = {

/* Begin PBXBuildFile section */
		B81FF78622041D8D000C9454 /* AppDelegate.m in Sources */ = {isa = PBXBuildFile; fileRef = B81FF78522041D8D000C9454 /* AppDelegate.m */; };
		B81FF78922041D8D000C9454 /* ViewController.m in Sources */ = {isa = PBXBuildFile; fileRef = B81FF78822041D8D000C9454 /* ViewController.m */; };
		B81FF78C22041D8D000C9454 /* Main.storyboard in Resources */ = {isa = PBXBuildFile; fileRef = B81FF78A22041D8D000C9454 /* Main.storyboard */; };
		B81FF78E22041D8F000C9454 /* Assets.xcassets in Resources */ = {isa = PBXBuildFile; fileRef = B81FF78D22041D8F000C9454 /* Assets.xcassets */; };
		B81FF79122041D8F000C9454 /* LaunchScreen.storyboard in Resources */ = {isa = PBXBuildFile; fileRef = B81FF78F22041D8F000C9454 /* LaunchScreen.storyboard */; };
		B81FF79422041D8F000C9454 /* main.m in Sources */ = {isa = PBXBuildFile; fileRef = B81FF79322041D8F000C9454 /* main.m */; };
		B81FF79E22041D8F000C9454 /* CalenderTests.m in Sources */ = {isa = PBXBuildFile; fileRef = B81FF79D22041D8F000C9454 /* CalenderTests.m */; };
		B81FF7A922041D8F000C9454 /* CalenderUITests.m in Sources */ = {isa = PBXBuildFile; fileRef = B81FF7A822041D8F000C9454 /* CalenderUITests.m */; };
/* End PBXBuildFile section */

/* Begin PBXContainerItemProxy section */
		B81FF79A22041D8F000C9454 /* PBXContainerItemProxy */ = {
			isa = PBXContainerItemProxy;
			containerPortal = B81FF77922041D8D000C9454 /* Project object */;
			proxyType = 1;
			remoteGlobalIDString = B81FF78022041D8D000C9454;
			remoteInfo = Calender;
		};
		B81FF7A522041D8F000C9454 /* PBXContainerItemProxy */ = {
			isa = PBXContainerItemProxy;
			containerPortal = B81FF77922041D8D000C9454 /* Project object */;
			proxyType = 1;
			remoteGlobalIDString = B81FF78022041D8D000C9454;
			remoteInfo = Calender;
		};
/* End PBXContainerItemProxy section */

/* Begin PBXFileReference section */
		B81FF78122041D8D000C9454 /* Calender.app */ = {isa = PBXFileReference; explicitFileType = wrapper.application; includeInIndex = 0; path = Calender.app; sourceTree = BUILT_PRODUCTS_DIR; };
		B81FF78422041D8D000C9454 /* AppDelegate.h */ = {isa = PBXFileReference; lastKnownFileType = sourcecode.c.h; path = AppDelegate.h; sourceTree = "<group>"; };
		B81FF78522041D8D000C9454 /* AppDelegate.m */ = {isa = PBXFileReference; lastKnownFileType = sourcecode.c.objc; path = AppDelegate.m; sourceTree = "<group>"; };
		B81FF78722041D8D000C9454 /* ViewController.h */ = {isa = PBXFileReference; lastKnownFileType = sourcecode.c.h; path = ViewController.h; sourceTree = "<group>"; };
		B81FF78822041D8D000C9454 /* ViewController.m */ = {isa = PBXFileReference; lastKnownFileType = sourcecode.c.objc; path = ViewController.m; sourceTree = "<group>"; };
		B81FF78B22041D8D000C9454 /* Base */ = {isa = PBXFileReference; lastKnownFileType = file.storyboard; name = Base; path = Base.lproj/Main.storyboard; sourceTree = "<group>"; };
		B81FF78D22041D8F000C9454 /* Assets.xcassets */ = {isa = PBXFileReference; lastKnownFileType = folder.assetcatalog; path = Assets.xcassets; sourceTree = "<group>"; };
		B81FF79022041D8F000C9454 /* Base */ = {isa = PBXFileReference; lastKnownFileType = file.storyboard; name = Base; path = Base.lproj/LaunchScreen.storyboard; sourceTree = "<group>"; };
		B81FF79222041D8F000C9454 /* Info.plist */ = {isa = PBXFileReference; lastKnownFileType = text.plist.xml; path = Info.plist; sourceTree = "<group>"; };
		B81FF79322041D8F000C9454 /* main.m */ = {isa = PBXFileReference; lastKnownFileType = sourcecode.c.objc; path = main.m; sourceTree = "<group>"; };
		B81FF79922041D8F000C9454 /* CalenderTests.xctest */ = {isa = PBXFileReference; explicitFileType = wrapper.cfbundle; includeInIndex = 0; path = CalenderTests.xctest; sourceTree = BUILT_PRODUCTS_DIR; };
		B81FF79D22041D8F000C9454 /* CalenderTests.m */ = {isa = PBXFileReference; lastKnownFileType = sourcecode.c.objc; path = CalenderTests.m; sourceTree = "<group>"; };
		B81FF79F22041D8F000C9454 /* Info.plist */ = {isa = PBXFileReference; lastKnownFileType = text.plist.xml; path = Info.plist; sourceTree = "<group>"; };
		B81FF7A422041D8F000C9454 /* CalenderUITests.xctest */ = {isa = PBXFileReference; explicitFileType = wrapper.cfbundle; includeInIndex = 0; path = CalenderUITests.xctest; sourceTree = BUILT_PRODUCTS_DIR; };
		B81FF7A822041D8F000C9454 /* CalenderUITests.m */ = {isa = PBXFileReference; lastKnownFileType = sourcecode.c.objc; path = CalenderUITests.m; sourceTree = "<group>"; };
		B81FF7AA22041D8F000C9454 /* Info.plist */ = {isa = PBXFileReference; lastKnownFileType = text.plist.xml; path = Info.plist; sourceTree = "<group>"; };
/* End PBXFileReference section */

/* Begin PBXFrameworksBuildPhase section */
		B81FF77E22041D8D000C9454 /* Frameworks */ = {
			isa = PBXFrameworksBuildPhase;
			buildActionMask = 2147483647;
			files = (
			);
			runOnlyForDeploymentPostprocessing = 0;
		};
		B81FF79622041D8F000C9454 /* Frameworks */ = {
			isa = PBXFrameworksBuildPhase;
			buildActionMask = 2147483647;
			files = (
			);
			runOnlyForDeploymentPostprocessing = 0;
		};
		B81FF7A122041D8F000C9454 /* Frameworks */ = {
			isa = PBXFrameworksBuildPhase;
			buildActionMask = 2147483647;
			files = (
			);
			runOnlyForDeploymentPostprocessing = 0;
		};
/* End PBXFrameworksBuildPhase section */

/* Begin PBXGroup section */
		B81FF77822041D8D000C9454 = {
			isa = PBXGroup;
			children = (
				B81FF78322041D8D000C9454 /* Calender */,
				B81FF79C22041D8F000C9454 /* CalenderTests */,
				B81FF7A722041D8F000C9454 /* CalenderUITests */,
				B81FF78222041D8D000C9454 /* Products */,
			);
			sourceTree = "<group>";
		};
		B81FF78222041D8D000C9454 /* Products */ = {
			isa = PBXGroup;
			children = (
				B81FF78122041D8D000C9454 /* Calender.app */,
				B81FF79922041D8F000C9454 /* CalenderTests.xctest */,
				B81FF7A422041D8F000C9454 /* CalenderUITests.xctest */,
			);
			name = Products;
			sourceTree = "<group>";
		};
		B81FF78322041D8D000C9454 /* Calender */ = {
			isa = PBXGroup;
			children = (
				B81FF78422041D8D000C9454 /* AppDelegate.h */,
				B81FF78522041D8D000C9454 /* AppDelegate.m */,
				B81FF78722041D8D000C9454 /* ViewController.h */,
				B81FF78822041D8D000C9454 /* ViewController.m */,
				B81FF78A22041D8D000C9454 /* Main.storyboard */,
				B81FF78D22041D8F000C9454 /* Assets.xcassets */,
				B81FF78F22041D8F000C9454 /* LaunchScreen.storyboard */,
				B81FF79222041D8F000C9454 /* Info.plist */,
				B81FF79322041D8F000C9454 /* main.m */,
			);
			path = Calender;
			sourceTree = "<group>";
		};
		B81FF79C22041D8F000C9454 /* CalenderTests */ = {
			isa = PBXGroup;
			children = (
				B81FF79D22041D8F000C9454 /* CalenderTests.m */,
				B81FF79F22041D8F000C9454 /* Info.plist */,
			);
			path = CalenderTests;
			sourceTree = "<group>";
		};
		B81FF7A722041D8F000C9454 /* CalenderUITests */ = {
			isa = PBXGroup;
			children = (
				B81FF7A822041D8F000C9454 /* CalenderUITests.m */,
				B81FF7AA22041D8F000C9454 /* Info.plist */,
			);
			path = CalenderUITests;
			sourceTree = "<group>";
		};
/* End PBXGroup section */

/* Begin PBXNativeTarget section */
		B81FF78022041D8D000C9454 /* Calender */ = {
			isa = PBXNativeTarget;
			buildConfigurationList = B81FF7AD22041D8F000C9454 /* Build configuration list for PBXNativeTarget "Calender" */;
			buildPhases = (
				B81FF77D22041D8D000C9454 /* Sources */,
				B81FF77E22041D8D000C9454 /* Frameworks */,
				B81FF77F22041D8D000C9454 /* Resources */,
			);
			buildRules = (
			);
			dependencies = (
			);
			name = Calender;
			productName = Calender;
			productReference = B81FF78122041D8D000C9454 /* Calender.app */;
			productType = "com.apple.product-type.application";
		};
		B81FF79822041D8F000C9454 /* CalenderTests */ = {
			isa = PBXNativeTarget;
			buildConfigurationList = B81FF7B022041D8F000C9454 /* Build configuration list for PBXNativeTarget "CalenderTests" */;
			buildPhases = (
				B81FF79522041D8F000C9454 /* Sources */,
				B81FF79622041D8F000C9454 /* Frameworks */,
				B81FF79722041D8F000C9454 /* Resources */,
			);
			buildRules = (
			);
			dependencies = (
				B81FF79B22041D8F000C9454 /* PBXTargetDependency */,
			);
			name = CalenderTests;
			productName = CalenderTests;
			productReference = B81FF79922041D8F000C9454 /* CalenderTests.xctest */;
			productType = "com.apple.product-type.bundle.unit-test";
		};
		B81FF7A322041D8F000C9454 /* CalenderUITests */ = {
			isa = PBXNativeTarget;
			buildConfigurationList = B81FF7B322041D8F000C9454 /* Build configuration list for PBXNativeTarget "CalenderUITests" */;
			buildPhases = (
				B81FF7A022041D8F000C9454 /* Sources */,
				B81FF7A122041D8F000C9454 /* Frameworks */,
				B81FF7A222041D8F000C9454 /* Resources */,
			);
			buildRules = (
			);
			dependencies = (
				B81FF7A622041D8F000C9454 /* PBXTargetDependency */,
			);
			name = CalenderUITests;
			productName = CalenderUITests;
			productReference = B81FF7A422041D8F000C9454 /* CalenderUITests.xctest */;
			productType = "com.apple.product-type.bundle.ui-testing";
		};
/* End PBXNativeTarget section */

/* Begin PBXProject section */
		B81FF77922041D8D000C9454 /* Project object */ = {
			isa = PBXProject;
			attributes = {
				LastUpgradeCheck = 1010;
				ORGANIZATIONNAME = "Partha Sarathi Reddy Bijjam";
				TargetAttributes = {
					B81FF78022041D8D000C9454 = {
						CreatedOnToolsVersion = 10.1;
					};
					B81FF79822041D8F000C9454 = {
						CreatedOnToolsVersion = 10.1;
						TestTargetID = B81FF78022041D8D000C9454;
					};
					B81FF7A322041D8F000C9454 = {
						CreatedOnToolsVersion = 10.1;
						TestTargetID = B81FF78022041D8D000C9454;
					};
				};
			};
			buildConfigurationList = B81FF77C22041D8D000C9454 /* Build configuration list for PBXProject "Calender" */;
			compatibilityVersion = "Xcode 9.3";
			developmentRegion = en;
			hasScannedForEncodings = 0;
			knownRegions = (
				en,
				Base,
			);
			mainGroup = B81FF77822041D8D000C9454;
			productRefGroup = B81FF78222041D8D000C9454 /* Products */;
			projectDirPath = "";
			projectRoot = "";
			targets = (
				B81FF78022041D8D000C9454 /* Calender */,
				B81FF79822041D8F000C9454 /* CalenderTests */,
				B81FF7A322041D8F000C9454 /* CalenderUITests */,
			);
		};
/* End PBXProject section */

/* Begin PBXResourcesBuildPhase section */
		B81FF77F22041D8D000C9454 /* Resources */ = {
			isa = PBXResourcesBuildPhase;
			buildActionMask = 2147483647;
			files = (
				B81FF79122041D8F000C9454 /* LaunchScreen.storyboard in Resources */,
				B81FF78E22041D8F000C9454 /* Assets.xcassets in Resources */,
				B81FF78C22041D8D000C9454 /* Main.storyboard in Resources */,
			);
			runOnlyForDeploymentPostprocessing = 0;
		};
		B81FF79722041D8F000C9454 /* Resources */ = {
			isa = PBXResourcesBuildPhase;
			buildActionMask = 2147483647;
			files = (
			);
			runOnlyForDeploymentPostprocessing = 0;
		};
		B81FF7A222041D8F000C9454 /* Resources */ = {
			isa = PBXResourcesBuildPhase;
			buildActionMask = 2147483647;
			files = (
			);
			runOnlyForDeploymentPostprocessing = 0;
		};
/* End PBXResourcesBuildPhase section */

/* Begin PBXSourcesBuildPhase section */
		B81FF77D22041D8D000C9454 /* Sources */ = {
			isa = PBXSourcesBuildPhase;
			buildActionMask = 2147483647;
			files = (
				B81FF78922041D8D000C9454 /* ViewController.m in Sources */,
				B81FF79422041D8F000C9454 /* main.m in Sources */,
				B81FF78622041D8D000C9454 /* AppDelegate.m in Sources */,
			);
			runOnlyForDeploymentPostprocessing = 0;
		};
		B81FF79522041D8F000C9454 /* Sources */ = {
			isa = PBXSourcesBuildPhase;
			buildActionMask = 2147483647;
			files = (
				B81FF79E22041D8F000C9454 /* CalenderTests.m in Sources */,
			);
			runOnlyForDeploymentPostprocessing = 0;
		};
		B81FF7A022041D8F000C9454 /* Sources */ = {
			isa = PBXSourcesBuildPhase;
			buildActionMask = 2147483647;
			files = (
				B81FF7A922041D8F000C9454 /* CalenderUITests.m in Sources */,
			);
			runOnlyForDeploymentPostprocessing = 0;
		};
/* End PBXSourcesBuildPhase section */

/* Begin PBXTargetDependency section */
		B81FF79B22041D8F000C9454 /* PBXTargetDependency */ = {
			isa = PBXTargetDependency;
			target = B81FF78022041D8D000C9454 /* Calender */;
			targetProxy = B81FF79A22041D8F000C9454 /* PBXContainerItemProxy */;
		};
		B81FF7A622041D8F000C9454 /* PBXTargetDependency */ = {
			isa = PBXTargetDependency;
			target = B81FF78022041D8D000C9454 /* Calender */;
			targetProxy = B81FF7A522041D8F000C9454 /* PBXContainerItemProxy */;
		};
/* End PBXTargetDependency section */

/* Begin PBXVariantGroup section */
		B81FF78A22041D8D000C9454 /* Main.storyboard */ = {
			isa = PBXVariantGroup;
			children = (
				B81FF78B22041D8D000C9454 /* Base */,
			);
			name = Main.storyboard;
			sourceTree = "<group>";
		};
		B81FF78F22041D8F000C9454 /* LaunchScreen.storyboard */ = {
			isa = PBXVariantGroup;
			children = (
				B81FF79022041D8F000C9454 /* Base */,
			);
			name = LaunchScreen.storyboard;
			sourceTree = "<group>";
		};
/* End PBXVariantGroup section */

/* Begin XCBuildConfiguration section */
		B81FF7AB22041D8F000C9454 /* Debug */ = {
			isa = XCBuildConfiguration;
			buildSettings = {
				ALWAYS_SEARCH_USER_PATHS = NO;
				CLANG_ANALYZER_NONNULL = YES;
				CLANG_ANALYZER_NUMBER_OBJECT_CONVERSION = YES_AGGRESSIVE;
				CLANG_CXX_LANGUAGE_STANDARD = "gnu++14";
				CLANG_CXX_LIBRARY = "libc++";
				CLANG_ENABLE_MODULES = YES;
				CLANG_ENABLE_OBJC_ARC = YES;
				CLANG_ENABLE_OBJC_WEAK = YES;
				CLANG_WARN_BLOCK_CAPTURE_AUTORELEASING = YES;
				CLANG_WARN_BOOL_CONVERSION = YES;
				CLANG_WARN_COMMA = YES;
				CLANG_WARN_CONSTANT_CONVERSION = YES;
				CLANG_WARN_DEPRECATED_OBJC_IMPLEMENTATIONS = YES;
				CLANG_WARN_DIRECT_OBJC_ISA_USAGE = YES_ERROR;
				CLANG_WARN_DOCUMENTATION_COMMENTS = YES;
				CLANG_WARN_EMPTY_BODY = YES;
				CLANG_WARN_ENUM_CONVERSION = YES;
				CLANG_WARN_INFINITE_RECURSION = YES;
				CLANG_WARN_INT_CONVERSION = YES;
				CLANG_WARN_NON_LITERAL_NULL_CONVERSION = YES;
				CLANG_WARN_OBJC_IMPLICIT_RETAIN_SELF = YES;
				CLANG_WARN_OBJC_LITERAL_CONVERSION = YES;
				CLANG_WARN_OBJC_ROOT_CLASS = YES_ERROR;
				CLANG_WARN_RANGE_LOOP_ANALYSIS = YES;
				CLANG_WARN_STRICT_PROTOTYPES = YES;
				CLANG_WARN_SUSPICIOUS_MOVE = YES;
				CLANG_WARN_UNGUARDED_AVAILABILITY = YES_AGGRESSIVE;
				CLANG_WARN_UNREACHABLE_CODE = YES;
				CLANG_WARN__DUPLICATE_METHOD_MATCH = YES;
				CODE_SIGN_IDENTITY = "iPhone Developer";
				COPY_PHASE_STRIP = NO;
				DEBUG_INFORMATION_FORMAT = dwarf;
				ENABLE_STRICT_OBJC_MSGSEND = YES;
				ENABLE_TESTABILITY = YES;
				GCC_C_LANGUAGE_STANDARD = gnu11;
				GCC_DYNAMIC_NO_PIC = NO;
				GCC_NO_COMMON_BLOCKS = YES;
				GCC_OPTIMIZATION_LEVEL = 0;
				GCC_PREPROCESSOR_DEFINITIONS = (
					"DEBUG=1",
					"$(inherited)",
				);
				GCC_WARN_64_TO_32_BIT_CONVERSION = YES;
				GCC_WARN_ABOUT_RETURN_TYPE = YES_ERROR;
				GCC_WARN_UNDECLARED_SELECTOR = YES;
				GCC_WARN_UNINITIALIZED_AUTOS = YES_AGGRESSIVE;
				GCC_WARN_UNUSED_FUNCTION = YES;
				GCC_WARN_UNUSED_VARIABLE = YES;
				IPHONEOS_DEPLOYMENT_TARGET = 12.1;
				MTL_ENABLE_DEBUG_INFO = INCLUDE_SOURCE;
				MTL_FAST_MATH = YES;
				ONLY_ACTIVE_ARCH = YES;
				SDKROOT = iphoneos;
			};
			name = Debug;
		};
		B81FF7AC22041D8F000C9454 /* Release */ = {
			isa = XCBuildConfiguration;
			buildSettings = {
				ALWAYS_SEARCH_USER_PATHS = NO;
				CLANG_ANALYZER_NONNULL = YES;
				CLANG_ANALYZER_NUMBER_OBJECT_CONVERSION = YES_AGGRESSIVE;
				CLANG_CXX_LANGUAGE_STANDARD = "gnu++14";
				CLANG_CXX_LIBRARY = "libc++";
				CLANG_ENABLE_MODULES = YES;
				CLANG_ENABLE_OBJC_ARC = YES;
				CLANG_ENABLE_OBJC_WEAK = YES;
				CLANG_WARN_BLOCK_CAPTURE_AUTORELEASING = YES;
				CLANG_WARN_BOOL_CONVERSION = YES;
				CLANG_WARN_COMMA = YES;
				CLANG_WARN_CONSTANT_CONVERSION = YES;
				CLANG_WARN_DEPRECATED_OBJC_IMPLEMENTATIONS = YES;
				CLANG_WARN_DIRECT_OBJC_ISA_USAGE = YES_ERROR;
				CLANG_WARN_DOCUMENTATION_COMMENTS = YES;
				CLANG_WARN_EMPTY_BODY = YES;
				CLANG_WARN_ENUM_CONVERSION = YES;
				CLANG_WARN_INFINITE_RECURSION = YES;
				CLANG_WARN_INT_CONVERSION = YES;
				CLANG_WARN_NON_LITERAL_NULL_CONVERSION = YES;
				CLANG_WARN_OBJC_IMPLICIT_RETAIN_SELF = YES;
				CLANG_WARN_OBJC_LITERAL_CONVERSION = YES;
				CLANG_WARN_OBJC_ROOT_CLASS = YES_ERROR;
				CLANG_WARN_RANGE_LOOP_ANALYSIS = YES;
				CLANG_WARN_STRICT_PROTOTYPES = YES;
				CLANG_WARN_SUSPICIOUS_MOVE = YES;
				CLANG_WARN_UNGUARDED_AVAILABILITY = YES_AGGRESSIVE;
				CLANG_WARN_UNREACHABLE_CODE = YES;
				CLANG_WARN__DUPLICATE_METHOD_MATCH = YES;
				CODE_SIGN_IDENTITY = "iPhone Developer";
				COPY_PHASE_STRIP = NO;
				DEBUG_INFORMATION_FORMAT = "dwarf-with-dsym";
				ENABLE_NS_ASSERTIONS = NO;
				ENABLE_STRICT_OBJC_MSGSEND = YES;
				GCC_C_LANGUAGE_STANDARD = gnu11;
				GCC_NO_COMMON_BLOCKS = YES;
				GCC_WARN_64_TO_32_BIT_CONVERSION = YES;
				GCC_WARN_ABOUT_RETURN_TYPE = YES_ERROR;
				GCC_WARN_UNDECLARED_SELECTOR = YES;
				GCC_WARN_UNINITIALIZED_AUTOS = YES_AGGRESSIVE;
				GCC_WARN_UNUSED_FUNCTION = YES;
				GCC_WARN_UNUSED_VARIABLE = YES;
				IPHONEOS_DEPLOYMENT_TARGET = 12.1;
				MTL_ENABLE_DEBUG_INFO = NO;
				MTL_FAST_MATH = YES;
				SDKROOT = iphoneos;
				VALIDATE_PRODUCT = YES;
			};
			name = Release;
		};
		B81FF7AE22041D8F000C9454 /* Debug */ = {
			isa = XCBuildConfiguration;
			buildSettings = {
				ASSETCATALOG_COMPILER_APPICON_NAME = AppIcon;
				CODE_SIGN_STYLE = Automatic;
				DEVELOPMENT_TEAM = 2LUK926E65;
				INFOPLIST_FILE = Calender/Info.plist;
				LD_RUNPATH_SEARCH_PATHS = (
					"$(inherited)",
					"@executable_path/Frameworks",
				);
				PRODUCT_BUNDLE_IDENTIFIER = com.ihub.Calender;
				PRODUCT_NAME = "$(TARGET_NAME)";
				TARGETED_DEVICE_FAMILY = "1,2";
			};
			name = Debug;
		};
		B81FF7AF22041D8F000C9454 /* Release */ = {
			isa = XCBuildConfiguration;
			buildSettings = {
				ASSETCATALOG_COMPILER_APPICON_NAME = AppIcon;
				CODE_SIGN_STYLE = Automatic;
				DEVELOPMENT_TEAM = 2LUK926E65;
				INFOPLIST_FILE = Calender/Info.plist;
				LD_RUNPATH_SEARCH_PATHS = (
					"$(inherited)",
					"@executable_path/Frameworks",
				);
				PRODUCT_BUNDLE_IDENTIFIER = com.ihub.Calender;
				PRODUCT_NAME = "$(TARGET_NAME)";
				TARGETED_DEVICE_FAMILY = "1,2";
			};
			name = Release;
		};
		B81FF7B122041D8F000C9454 /* Debug */ = {
			isa = XCBuildConfiguration;
			buildSettings = {
				BUNDLE_LOADER = "$(TEST_HOST)";
				CODE_SIGN_STYLE = Automatic;
				DEVELOPMENT_TEAM = 2LUK926E65;
				INFOPLIST_FILE = CalenderTests/Info.plist;
				LD_RUNPATH_SEARCH_PATHS = (
					"$(inherited)",
					"@executable_path/Frameworks",
					"@loader_path/Frameworks",
				);
				PRODUCT_BUNDLE_IDENTIFIER = com.ihub.CalenderTests;
				PRODUCT_NAME = "$(TARGET_NAME)";
				TARGETED_DEVICE_FAMILY = "1,2";
				TEST_HOST = "$(BUILT_PRODUCTS_DIR)/Calender.app/Calender";
			};
			name = Debug;
		};
		B81FF7B222041D8F000C9454 /* Release */ = {
			isa = XCBuildConfiguration;
			buildSettings = {
				BUNDLE_LOADER = "$(TEST_HOST)";
				CODE_SIGN_STYLE = Automatic;
				DEVELOPMENT_TEAM = 2LUK926E65;
				INFOPLIST_FILE = CalenderTests/Info.plist;
				LD_RUNPATH_SEARCH_PATHS = (
					"$(inherited)",
					"@executable_path/Frameworks",
					"@loader_path/Frameworks",
				);
				PRODUCT_BUNDLE_IDENTIFIER = com.ihub.CalenderTests;
				PRODUCT_NAME = "$(TARGET_NAME)";
				TARGETED_DEVICE_FAMILY = "1,2";
				TEST_HOST = "$(BUILT_PRODUCTS_DIR)/Calender.app/Calender";
			};
			name = Release;
		};
		B81FF7B422041D8F000C9454 /* Debug */ = {
			isa = XCBuildConfiguration;
			buildSettings = {
				CODE_SIGN_STYLE = Automatic;
				DEVELOPMENT_TEAM = 2LUK926E65;
				INFOPLIST_FILE = CalenderUITests/Info.plist;
				LD_RUNPATH_SEARCH_PATHS = (
					"$(inherited)",
					"@executable_path/Frameworks",
					"@loader_path/Frameworks",
				);
				PRODUCT_BUNDLE_IDENTIFIER = com.ihub.CalenderUITests;
				PRODUCT_NAME = "$(TARGET_NAME)";
				TARGETED_DEVICE_FAMILY = "1,2";
				TEST_TARGET_NAME = Calender;
			};
			name = Debug;
		};
		B81FF7B522041D8F000C9454 /* Release */ = {
			isa = XCBuildConfiguration;
			buildSettings = {
				CODE_SIGN_STYLE = Automatic;
				DEVELOPMENT_TEAM = 2LUK926E65;
				INFOPLIST_FILE = CalenderUITests/Info.plist;
				LD_RUNPATH_SEARCH_PATHS = (
					"$(inherited)",
					"@executable_path/Frameworks",
					"@loader_path/Frameworks",
				);
				PRODUCT_BUNDLE_IDENTIFIER = com.ihub.CalenderUITests;
				PRODUCT_NAME = "$(TARGET_NAME)";
				TARGETED_DEVICE_FAMILY = "1,2";
				TEST_TARGET_NAME = Calender;
			};
			name = Release;
		};
/* End XCBuildConfiguration section */

/* Begin XCConfigurationList section */
		B81FF77C22041D8D000C9454 /* Build configuration list for PBXProject "Calender" */ = {
			isa = XCConfigurationList;
			buildConfigurations = (
				B81FF7AB22041D8F000C9454 /* Debug */,
				B81FF7AC22041D8F000C9454 /* Release */,
			);
			defaultConfigurationIsVisible = 0;
			defaultConfigurationName = Release;
		};
		B81FF7AD22041D8F000C9454 /* Build configuration list for PBXNativeTarget "Calender" */ = {
			isa = XCConfigurationList;
			buildConfigurations = (
				B81FF7AE22041D8F000C9454 /* Debug */,
				B81FF7AF22041D8F000C9454 /* Release */,
			);
			defaultConfigurationIsVisible = 0;
			defaultConfigurationName = Release;
		};
		B81FF7B022041D8F000C9454 /* Build configuration list for PBXNativeTarget "CalenderTests" */ = {
			isa = XCConfigurationList;
			buildConfigurations = (
				B81FF7B122041D8F000C9454 /* Debug */,
				B81FF7B222041D8F000C9454 /* Release */,
			);
			defaultConfigurationIsVisible = 0;
			defaultConfigurationName = Release;
		};
		B81FF7B322041D8F000C9454 /* Build configuration list for PBXNativeTarget "CalenderUITests" */ = {
			isa = XCConfigurationList;
			buildConfigurations = (
				B81FF7B422041D8F000C9454 /* Debug */,
				B81FF7B522041D8F000C9454 /* Release */,
			);
			defaultConfigurationIsVisible = 0;
			defaultConfigurationName = Release;
		};
/* End XCConfigurationList section */
	};
	rootObject = B81FF77922041D8D000C9454 /* Project object */;
}
